// !$*UTF8*$!
{
	archiveVersion = 1;
	classes = {
	};
	objectVersion = 77;
	objects = {

/* Begin PBXBuildFile section */
		30C6C33B2D1C7B0200EB0C0F /* AsyncAlgorithms in Frameworks */ = {isa = PBXBuildFile; productRef = 30C6C33A2D1C7B0200EB0C0F /* AsyncAlgorithms */; };
/* End PBXBuildFile section */

/* Begin PBXContainerItemProxy section */
		0B1885302CB71DCF00594E81 /* PBXContainerItemProxy */ = {
			isa = PBXContainerItemProxy;
			containerPortal = 0B1885172CB71DCE00594E81 /* Project object */;
			proxyType = 1;
			remoteGlobalIDString = 0B18851E2CB71DCE00594E81;
			remoteInfo = MobileAppPlayground;
		};
		0B18853A2CB71DCF00594E81 /* PBXContainerItemProxy */ = {
			isa = PBXContainerItemProxy;
			containerPortal = 0B1885172CB71DCE00594E81 /* Project object */;
			proxyType = 1;
			remoteGlobalIDString = 0B18851E2CB71DCE00594E81;
			remoteInfo = MobileAppPlayground;
		};
/* End PBXContainerItemProxy section */

/* Begin PBXFileReference section */
		0B18851F2CB71DCE00594E81 /* MobileAppPlayground.app */ = {isa = PBXFileReference; explicitFileType = wrapper.application; includeInIndex = 0; path = MobileAppPlayground.app; sourceTree = BUILT_PRODUCTS_DIR; };
		0B18852F2CB71DCF00594E81 /* MobileAppPlaygroundTests.xctest */ = {isa = PBXFileReference; explicitFileType = wrapper.cfbundle; includeInIndex = 0; path = MobileAppPlaygroundTests.xctest; sourceTree = BUILT_PRODUCTS_DIR; };
		0B1885392CB71DCF00594E81 /* MobileAppPlaygroundUITests.xctest */ = {isa = PBXFileReference; explicitFileType = wrapper.cfbundle; includeInIndex = 0; path = MobileAppPlaygroundUITests.xctest; sourceTree = BUILT_PRODUCTS_DIR; };
/* End PBXFileReference section */

/* Begin PBXFileSystemSynchronizedRootGroup section */
		0B1885212CB71DCE00594E81 /* MobileAppPlayground */ = {
			isa = PBXFileSystemSynchronizedRootGroup;
			path = MobileAppPlayground;
			sourceTree = "<group>";
		};
		0B1885322CB71DCF00594E81 /* MobileAppPlaygroundTests */ = {
			isa = PBXFileSystemSynchronizedRootGroup;
			path = MobileAppPlaygroundTests;
			sourceTree = "<group>";
		};
		0B18853C2CB71DCF00594E81 /* MobileAppPlaygroundUITests */ = {
			isa = PBXFileSystemSynchronizedRootGroup;
			path = MobileAppPlaygroundUITests;
			sourceTree = "<group>";
		};
/* End PBXFileSystemSynchronizedRootGroup section */

/* Begin PBXFrameworksBuildPhase section */
		0B18851C2CB71DCE00594E81 /* Frameworks */ = {
			isa = PBXFrameworksBuildPhase;
			buildActionMask = 2147483647;
			files = (
				30C6C33B2D1C7B0200EB0C0F /* AsyncAlgorithms in Frameworks */,
			);
			runOnlyForDeploymentPostprocessing = 0;
		};
		0B18852C2CB71DCF00594E81 /* Frameworks */ = {
			isa = PBXFrameworksBuildPhase;
			buildActionMask = 2147483647;
			files = (
			);
			runOnlyForDeploymentPostprocessing = 0;
		};
		0B1885362CB71DCF00594E81 /* Frameworks */ = {
			isa = PBXFrameworksBuildPhase;
			buildActionMask = 2147483647;
			files = (
			);
			runOnlyForDeploymentPostprocessing = 0;
		};
/* End PBXFrameworksBuildPhase section */

/* Begin PBXGroup section */
		0B1885162CB71DCE00594E81 = {
			isa = PBXGroup;
			children = (
				0B1885212CB71DCE00594E81 /* MobileAppPlayground */,
				0B1885322CB71DCF00594E81 /* MobileAppPlaygroundTests */,
				0B18853C2CB71DCF00594E81 /* MobileAppPlaygroundUITests */,
				0B1885202CB71DCE00594E81 /* Products */,
			);
			sourceTree = "<group>";
		};
		0B1885202CB71DCE00594E81 /* Products */ = {
			isa = PBXGroup;
			children = (
				0B18851F2CB71DCE00594E81 /* MobileAppPlayground.app */,
				0B18852F2CB71DCF00594E81 /* MobileAppPlaygroundTests.xctest */,
				0B1885392CB71DCF00594E81 /* MobileAppPlaygroundUITests.xctest */,
			);
			name = Products;
			sourceTree = "<group>";
		};
/* End PBXGroup section */

/* Begin PBXNativeTarget section */
		0B18851E2CB71DCE00594E81 /* MobileAppPlayground */ = {
			isa = PBXNativeTarget;
			buildConfigurationList = 0B1885432CB71DCF00594E81 /* Build configuration list for PBXNativeTarget "MobileAppPlayground" */;
			buildPhases = (
				0B18851B2CB71DCE00594E81 /* Sources */,
				0B18851C2CB71DCE00594E81 /* Frameworks */,
				0B18851D2CB71DCE00594E81 /* Resources */,
			);
			buildRules = (
			);
			dependencies = (
				30364D092D1C921600238A36 /* PBXTargetDependency */,
			);
			fileSystemSynchronizedGroups = (
				0B1885212CB71DCE00594E81 /* MobileAppPlayground */,
			);
			name = MobileAppPlayground;
			packageProductDependencies = (
				30C6C33A2D1C7B0200EB0C0F /* AsyncAlgorithms */,
			);
			productName = MobileAppPlayground;
			productReference = 0B18851F2CB71DCE00594E81 /* MobileAppPlayground.app */;
			productType = "com.apple.product-type.application";
		};
		0B18852E2CB71DCF00594E81 /* MobileAppPlaygroundTests */ = {
			isa = PBXNativeTarget;
			buildConfigurationList = 0B1885462CB71DCF00594E81 /* Build configuration list for PBXNativeTarget "MobileAppPlaygroundTests" */;
			buildPhases = (
				0B18852B2CB71DCF00594E81 /* Sources */,
				0B18852C2CB71DCF00594E81 /* Frameworks */,
				0B18852D2CB71DCF00594E81 /* Resources */,
			);
			buildRules = (
			);
			dependencies = (
				30F357DA2D1DFDFA00ADB9F9 /* PBXTargetDependency */,
				0B1885312CB71DCF00594E81 /* PBXTargetDependency */,
			);
			fileSystemSynchronizedGroups = (
				0B1885322CB71DCF00594E81 /* MobileAppPlaygroundTests */,
			);
			name = MobileAppPlaygroundTests;
			packageProductDependencies = (
			);
			productName = MobileAppPlaygroundTests;
			productReference = 0B18852F2CB71DCF00594E81 /* MobileAppPlaygroundTests.xctest */;
			productType = "com.apple.product-type.bundle.unit-test";
		};
		0B1885382CB71DCF00594E81 /* MobileAppPlaygroundUITests */ = {
			isa = PBXNativeTarget;
			buildConfigurationList = 0B1885492CB71DCF00594E81 /* Build configuration list for PBXNativeTarget "MobileAppPlaygroundUITests" */;
			buildPhases = (
				0B1885352CB71DCF00594E81 /* Sources */,
				0B1885362CB71DCF00594E81 /* Frameworks */,
				0B1885372CB71DCF00594E81 /* Resources */,
			);
			buildRules = (
			);
			dependencies = (
				30F357D82D1DFDF600ADB9F9 /* PBXTargetDependency */,
				0B18853B2CB71DCF00594E81 /* PBXTargetDependency */,
			);
			fileSystemSynchronizedGroups = (
				0B18853C2CB71DCF00594E81 /* MobileAppPlaygroundUITests */,
			);
			name = MobileAppPlaygroundUITests;
			packageProductDependencies = (
			);
			productName = MobileAppPlaygroundUITests;
			productReference = 0B1885392CB71DCF00594E81 /* MobileAppPlaygroundUITests.xctest */;
			productType = "com.apple.product-type.bundle.ui-testing";
		};
/* End PBXNativeTarget section */

/* Begin PBXProject section */
		0B1885172CB71DCE00594E81 /* Project object */ = {
			isa = PBXProject;
			attributes = {
				BuildIndependentTargetsInParallel = 1;
				LastSwiftUpdateCheck = 1600;
				LastUpgradeCheck = 1640;
				TargetAttributes = {
					0B18851E2CB71DCE00594E81 = {
						CreatedOnToolsVersion = 16.0;
					};
					0B18852E2CB71DCF00594E81 = {
						CreatedOnToolsVersion = 16.0;
						TestTargetID = 0B18851E2CB71DCE00594E81;
					};
					0B1885382CB71DCF00594E81 = {
						CreatedOnToolsVersion = 16.0;
						TestTargetID = 0B18851E2CB71DCE00594E81;
					};
				};
			};
			buildConfigurationList = 0B18851A2CB71DCE00594E81 /* Build configuration list for PBXProject "MobileAppPlayground" */;
			developmentRegion = en;
			hasScannedForEncodings = 0;
			knownRegions = (
				en,
				Base,
			);
			mainGroup = 0B1885162CB71DCE00594E81;
			minimizedProjectReferenceProxies = 1;
			packageReferences = (
				30C6C3382D1C7AED00EB0C0F /* XCRemoteSwiftPackageReference "SwiftLintPlugins" */,
				30C6C3392D1C7B0200EB0C0F /* XCRemoteSwiftPackageReference "swift-async-algorithms" */,
			);
			preferredProjectObjectVersion = 77;
			productRefGroup = 0B1885202CB71DCE00594E81 /* Products */;
			projectDirPath = "";
			projectRoot = "";
			targets = (
				0B18851E2CB71DCE00594E81 /* MobileAppPlayground */,
				0B18852E2CB71DCF00594E81 /* MobileAppPlaygroundTests */,
				0B1885382CB71DCF00594E81 /* MobileAppPlaygroundUITests */,
			);
		};
/* End PBXProject section */

/* Begin PBXResourcesBuildPhase section */
		0B18851D2CB71DCE00594E81 /* Resources */ = {
			isa = PBXResourcesBuildPhase;
			buildActionMask = 2147483647;
			files = (
			);
			runOnlyForDeploymentPostprocessing = 0;
		};
		0B18852D2CB71DCF00594E81 /* Resources */ = {
			isa = PBXResourcesBuildPhase;
			buildActionMask = 2147483647;
			files = (
			);
			runOnlyForDeploymentPostprocessing = 0;
		};
		0B1885372CB71DCF00594E81 /* Resources */ = {
			isa = PBXResourcesBuildPhase;
			buildActionMask = 2147483647;
			files = (
			);
			runOnlyForDeploymentPostprocessing = 0;
		};
/* End PBXResourcesBuildPhase section */

/* Begin PBXSourcesBuildPhase section */
		0B18851B2CB71DCE00594E81 /* Sources */ = {
			isa = PBXSourcesBuildPhase;
			buildActionMask = 2147483647;
			files = (
			);
			runOnlyForDeploymentPostprocessing = 0;
		};
		0B18852B2CB71DCF00594E81 /* Sources */ = {
			isa = PBXSourcesBuildPhase;
			buildActionMask = 2147483647;
			files = (
			);
			runOnlyForDeploymentPostprocessing = 0;
		};
		0B1885352CB71DCF00594E81 /* Sources */ = {
			isa = PBXSourcesBuildPhase;
			buildActionMask = 2147483647;
			files = (
			);
			runOnlyForDeploymentPostprocessing = 0;
		};
/* End PBXSourcesBuildPhase section */

/* Begin PBXTargetDependency section */
		0B1885312CB71DCF00594E81 /* PBXTargetDependency */ = {
			isa = PBXTargetDependency;
			target = 0B18851E2CB71DCE00594E81 /* MobileAppPlayground */;
			targetProxy = 0B1885302CB71DCF00594E81 /* PBXContainerItemProxy */;
		};
		0B18853B2CB71DCF00594E81 /* PBXTargetDependency */ = {
			isa = PBXTargetDependency;
			target = 0B18851E2CB71DCE00594E81 /* MobileAppPlayground */;
			targetProxy = 0B18853A2CB71DCF00594E81 /* PBXContainerItemProxy */;
		};
		30364D092D1C921600238A36 /* PBXTargetDependency */ = {
			isa = PBXTargetDependency;
			productRef = 30364D082D1C921600238A36 /* SwiftLintBuildToolPlugin */;
		};
		30F357D82D1DFDF600ADB9F9 /* PBXTargetDependency */ = {
			isa = PBXTargetDependency;
			productRef = 30F357D72D1DFDF600ADB9F9 /* SwiftLintBuildToolPlugin */;
		};
		30F357DA2D1DFDFA00ADB9F9 /* PBXTargetDependency */ = {
			isa = PBXTargetDependency;
			productRef = 30F357D92D1DFDFA00ADB9F9 /* SwiftLintBuildToolPlugin */;
		};
/* End PBXTargetDependency section */

/* Begin XCBuildConfiguration section */
		0B1885412CB71DCF00594E81 /* Debug */ = {
			isa = XCBuildConfiguration;
			buildSettings = {
				ALWAYS_SEARCH_USER_PATHS = NO;
				ASSETCATALOG_COMPILER_GENERATE_SWIFT_ASSET_SYMBOL_EXTENSIONS = YES;
				CLANG_ANALYZER_NONNULL = YES;
				CLANG_ANALYZER_NUMBER_OBJECT_CONVERSION = YES_AGGRESSIVE;
				CLANG_CXX_LANGUAGE_STANDARD = "gnu++20";
				CLANG_ENABLE_MODULES = YES;
				CLANG_ENABLE_OBJC_ARC = YES;
				CLANG_ENABLE_OBJC_WEAK = YES;
				CLANG_WARN_BLOCK_CAPTURE_AUTORELEASING = YES;
				CLANG_WARN_BOOL_CONVERSION = YES;
				CLANG_WARN_COMMA = YES;
				CLANG_WARN_CONSTANT_CONVERSION = YES;
				CLANG_WARN_DEPRECATED_OBJC_IMPLEMENTATIONS = YES;
				CLANG_WARN_DIRECT_OBJC_ISA_USAGE = YES_ERROR;
				CLANG_WARN_DOCUMENTATION_COMMENTS = YES;
				CLANG_WARN_EMPTY_BODY = YES;
				CLANG_WARN_ENUM_CONVERSION = YES;
				CLANG_WARN_INFINITE_RECURSION = YES;
				CLANG_WARN_INT_CONVERSION = YES;
				CLANG_WARN_NON_LITERAL_NULL_CONVERSION = YES;
				CLANG_WARN_OBJC_IMPLICIT_RETAIN_SELF = YES;
				CLANG_WARN_OBJC_LITERAL_CONVERSION = YES;
				CLANG_WARN_OBJC_ROOT_CLASS = YES_ERROR;
				CLANG_WARN_QUOTED_INCLUDE_IN_FRAMEWORK_HEADER = YES;
				CLANG_WARN_RANGE_LOOP_ANALYSIS = YES;
				CLANG_WARN_STRICT_PROTOTYPES = YES;
				CLANG_WARN_SUSPICIOUS_MOVE = YES;
				CLANG_WARN_UNGUARDED_AVAILABILITY = YES_AGGRESSIVE;
				CLANG_WARN_UNREACHABLE_CODE = YES;
				CLANG_WARN__DUPLICATE_METHOD_MATCH = YES;
				COPY_PHASE_STRIP = NO;
				DEBUG_INFORMATION_FORMAT = dwarf;
				DEVELOPMENT_TEAM = X59SC9WX5X;
				ENABLE_STRICT_OBJC_MSGSEND = YES;
				ENABLE_TESTABILITY = YES;
				ENABLE_USER_SCRIPT_SANDBOXING = YES;
				GCC_C_LANGUAGE_STANDARD = gnu17;
				GCC_DYNAMIC_NO_PIC = NO;
				GCC_NO_COMMON_BLOCKS = YES;
				GCC_OPTIMIZATION_LEVEL = 0;
				GCC_PREPROCESSOR_DEFINITIONS = (
					"DEBUG=1",
					"$(inherited)",
				);
				GCC_WARN_64_TO_32_BIT_CONVERSION = YES;
				GCC_WARN_ABOUT_RETURN_TYPE = YES_ERROR;
				GCC_WARN_UNDECLARED_SELECTOR = YES;
				GCC_WARN_UNINITIALIZED_AUTOS = YES_AGGRESSIVE;
				GCC_WARN_UNUSED_FUNCTION = YES;
				GCC_WARN_UNUSED_VARIABLE = YES;
				IPHONEOS_DEPLOYMENT_TARGET = 18.0;
				LOCALIZATION_PREFERS_STRING_CATALOGS = YES;
				MTL_ENABLE_DEBUG_INFO = INCLUDE_SOURCE;
				MTL_FAST_MATH = YES;
				ONLY_ACTIVE_ARCH = YES;
				SDKROOT = iphoneos;
				SWIFT_ACTIVE_COMPILATION_CONDITIONS = "DEBUG $(inherited)";
				SWIFT_EMIT_LOC_STRINGS = YES;
				SWIFT_OPTIMIZATION_LEVEL = "-Onone";
			};
			name = Debug;
		};
		0B1885422CB71DCF00594E81 /* Release */ = {
			isa = XCBuildConfiguration;
			buildSettings = {
				ALWAYS_SEARCH_USER_PATHS = NO;
				ASSETCATALOG_COMPILER_GENERATE_SWIFT_ASSET_SYMBOL_EXTENSIONS = YES;
				CLANG_ANALYZER_NONNULL = YES;
				CLANG_ANALYZER_NUMBER_OBJECT_CONVERSION = YES_AGGRESSIVE;
				CLANG_CXX_LANGUAGE_STANDARD = "gnu++20";
				CLANG_ENABLE_MODULES = YES;
				CLANG_ENABLE_OBJC_ARC = YES;
				CLANG_ENABLE_OBJC_WEAK = YES;
				CLANG_WARN_BLOCK_CAPTURE_AUTORELEASING = YES;
				CLANG_WARN_BOOL_CONVERSION = YES;
				CLANG_WARN_COMMA = YES;
				CLANG_WARN_CONSTANT_CONVERSION = YES;
				CLANG_WARN_DEPRECATED_OBJC_IMPLEMENTATIONS = YES;
				CLANG_WARN_DIRECT_OBJC_ISA_USAGE = YES_ERROR;
				CLANG_WARN_DOCUMENTATION_COMMENTS = YES;
				CLANG_WARN_EMPTY_BODY = YES;
				CLANG_WARN_ENUM_CONVERSION = YES;
				CLANG_WARN_INFINITE_RECURSION = YES;
				CLANG_WARN_INT_CONVERSION = YES;
				CLANG_WARN_NON_LITERAL_NULL_CONVERSION = YES;
				CLANG_WARN_OBJC_IMPLICIT_RETAIN_SELF = YES;
				CLANG_WARN_OBJC_LITERAL_CONVERSION = YES;
				CLANG_WARN_OBJC_ROOT_CLASS = YES_ERROR;
				CLANG_WARN_QUOTED_INCLUDE_IN_FRAMEWORK_HEADER = YES;
				CLANG_WARN_RANGE_LOOP_ANALYSIS = YES;
				CLANG_WARN_STRICT_PROTOTYPES = YES;
				CLANG_WARN_SUSPICIOUS_MOVE = YES;
				CLANG_WARN_UNGUARDED_AVAILABILITY = YES_AGGRESSIVE;
				CLANG_WARN_UNREACHABLE_CODE = YES;
				CLANG_WARN__DUPLICATE_METHOD_MATCH = YES;
				COPY_PHASE_STRIP = NO;
				DEBUG_INFORMATION_FORMAT = "dwarf-with-dsym";
				DEVELOPMENT_TEAM = X59SC9WX5X;
				ENABLE_NS_ASSERTIONS = NO;
				ENABLE_STRICT_OBJC_MSGSEND = YES;
				ENABLE_USER_SCRIPT_SANDBOXING = YES;
				GCC_C_LANGUAGE_STANDARD = gnu17;
				GCC_NO_COMMON_BLOCKS = YES;
				GCC_WARN_64_TO_32_BIT_CONVERSION = YES;
				GCC_WARN_ABOUT_RETURN_TYPE = YES_ERROR;
				GCC_WARN_UNDECLARED_SELECTOR = YES;
				GCC_WARN_UNINITIALIZED_AUTOS = YES_AGGRESSIVE;
				GCC_WARN_UNUSED_FUNCTION = YES;
				GCC_WARN_UNUSED_VARIABLE = YES;
				IPHONEOS_DEPLOYMENT_TARGET = 18.0;
				LOCALIZATION_PREFERS_STRING_CATALOGS = YES;
				MTL_ENABLE_DEBUG_INFO = NO;
				MTL_FAST_MATH = YES;
				SDKROOT = iphoneos;
				SWIFT_COMPILATION_MODE = wholemodule;
				SWIFT_EMIT_LOC_STRINGS = YES;
				VALIDATE_PRODUCT = YES;
			};
			name = Release;
		};
		0B1885442CB71DCF00594E81 /* Debug */ = {
			isa = XCBuildConfiguration;
			buildSettings = {
				ASSETCATALOG_COMPILER_APPICON_NAME = AppIcon;
				ASSETCATALOG_COMPILER_GLOBAL_ACCENT_COLOR_NAME = AccentColor;
				CODE_SIGN_STYLE = Automatic;
				CURRENT_PROJECT_VERSION = 1;
				DEVELOPMENT_ASSET_PATHS = "\"MobileAppPlayground/Preview Content\"";
				ENABLE_PREVIEWS = YES;
				GENERATE_INFOPLIST_FILE = YES;
				INFOPLIST_KEY_UIApplicationSceneManifest_Generation = YES;
				INFOPLIST_KEY_UIApplicationSupportsIndirectInputEvents = YES;
				INFOPLIST_KEY_UILaunchScreen_Generation = YES;
				INFOPLIST_KEY_UISupportedInterfaceOrientations_iPad = "UIInterfaceOrientationPortrait UIInterfaceOrientationPortraitUpsideDown UIInterfaceOrientationLandscapeLeft UIInterfaceOrientationLandscapeRight";
				INFOPLIST_KEY_UISupportedInterfaceOrientations_iPhone = "UIInterfaceOrientationPortrait UIInterfaceOrientationLandscapeLeft UIInterfaceOrientationLandscapeRight";
				LD_RUNPATH_SEARCH_PATHS = (
					"$(inherited)",
					"@executable_path/Frameworks",
				);
				MARKETING_VERSION = 1.0;
				PRODUCT_BUNDLE_IDENTIFIER = eu.ezytarget.MobileAppPlayground;
				PRODUCT_NAME = "$(TARGET_NAME)";
				SWIFT_EMIT_LOC_STRINGS = YES;
				SWIFT_VERSION = 6.0;
				TARGETED_DEVICE_FAMILY = "1,2";
			};
			name = Debug;
		};
		0B1885452CB71DCF00594E81 /* Release */ = {
			isa = XCBuildConfiguration;
			buildSettings = {
				ASSETCATALOG_COMPILER_APPICON_NAME = AppIcon;
				ASSETCATALOG_COMPILER_GLOBAL_ACCENT_COLOR_NAME = AccentColor;
				CODE_SIGN_STYLE = Automatic;
				CURRENT_PROJECT_VERSION = 1;
				DEVELOPMENT_ASSET_PATHS = "\"MobileAppPlayground/Preview Content\"";
				ENABLE_PREVIEWS = YES;
				GENERATE_INFOPLIST_FILE = YES;
				INFOPLIST_KEY_UIApplicationSceneManifest_Generation = YES;
				INFOPLIST_KEY_UIApplicationSupportsIndirectInputEvents = YES;
				INFOPLIST_KEY_UILaunchScreen_Generation = YES;
				INFOPLIST_KEY_UISupportedInterfaceOrientations_iPad = "UIInterfaceOrientationPortrait UIInterfaceOrientationPortraitUpsideDown UIInterfaceOrientationLandscapeLeft UIInterfaceOrientationLandscapeRight";
				INFOPLIST_KEY_UISupportedInterfaceOrientations_iPhone = "UIInterfaceOrientationPortrait UIInterfaceOrientationLandscapeLeft UIInterfaceOrientationLandscapeRight";
				LD_RUNPATH_SEARCH_PATHS = (
					"$(inherited)",
					"@executable_path/Frameworks",
				);
				MARKETING_VERSION = 1.0;
				PRODUCT_BUNDLE_IDENTIFIER = eu.ezytarget.MobileAppPlayground;
				PRODUCT_NAME = "$(TARGET_NAME)";
				SWIFT_EMIT_LOC_STRINGS = YES;
				SWIFT_VERSION = 6.0;
				TARGETED_DEVICE_FAMILY = "1,2";
			};
			name = Release;
		};
		0B1885472CB71DCF00594E81 /* Debug */ = {
			isa = XCBuildConfiguration;
			buildSettings = {
				BUNDLE_LOADER = "$(TEST_HOST)";
				CODE_SIGN_STYLE = Automatic;
				CURRENT_PROJECT_VERSION = 1;
				GENERATE_INFOPLIST_FILE = YES;
				IPHONEOS_DEPLOYMENT_TARGET = 18.0;
				MARKETING_VERSION = 1.0;
				PRODUCT_BUNDLE_IDENTIFIER = eu.ezytarget.MobileAppPlaygroundTests;
				PRODUCT_NAME = "$(TARGET_NAME)";
				SWIFT_EMIT_LOC_STRINGS = NO;
				SWIFT_VERSION = 6.0;
				TARGETED_DEVICE_FAMILY = "1,2";
				TEST_HOST = "$(BUILT_PRODUCTS_DIR)/MobileAppPlayground.app/$(BUNDLE_EXECUTABLE_FOLDER_PATH)/MobileAppPlayground";
			};
			name = Debug;
		};
		0B1885482CB71DCF00594E81 /* Release */ = {
			isa = XCBuildConfiguration;
			buildSettings = {
				BUNDLE_LOADER = "$(TEST_HOST)";
				CODE_SIGN_STYLE = Automatic;
				CURRENT_PROJECT_VERSION = 1;
				GENERATE_INFOPLIST_FILE = YES;
				IPHONEOS_DEPLOYMENT_TARGET = 18.0;
				MARKETING_VERSION = 1.0;
				PRODUCT_BUNDLE_IDENTIFIER = eu.ezytarget.MobileAppPlaygroundTests;
				PRODUCT_NAME = "$(TARGET_NAME)";
				SWIFT_EMIT_LOC_STRINGS = NO;
				SWIFT_VERSION = 6.0;
				TARGETED_DEVICE_FAMILY = "1,2";
				TEST_HOST = "$(BUILT_PRODUCTS_DIR)/MobileAppPlayground.app/$(BUNDLE_EXECUTABLE_FOLDER_PATH)/MobileAppPlayground";
			};
			name = Release;
		};
		0B18854A2CB71DCF00594E81 /* Debug */ = {
			isa = XCBuildConfiguration;
			buildSettings = {
				CODE_SIGN_STYLE = Automatic;
				CURRENT_PROJECT_VERSION = 1;
				GENERATE_INFOPLIST_FILE = YES;
				MARKETING_VERSION = 1.0;
				PRODUCT_BUNDLE_IDENTIFIER = eu.ezytarget.MobileAppPlaygroundUITests;
				PRODUCT_NAME = "$(TARGET_NAME)";
				SWIFT_EMIT_LOC_STRINGS = NO;
				SWIFT_VERSION = 6.0;
				TARGETED_DEVICE_FAMILY = "1,2";
				TEST_TARGET_NAME = MobileAppPlayground;
			};
			name = Debug;
		};
		0B18854B2CB71DCF00594E81 /* Release */ = {
			isa = XCBuildConfiguration;
			buildSettings = {
				CODE_SIGN_STYLE = Automatic;
				CURRENT_PROJECT_VERSION = 1;
				GENERATE_INFOPLIST_FILE = YES;
				MARKETING_VERSION = 1.0;
				PRODUCT_BUNDLE_IDENTIFIER = eu.ezytarget.MobileAppPlaygroundUITests;
				PRODUCT_NAME = "$(TARGET_NAME)";
				SWIFT_EMIT_LOC_STRINGS = NO;
				SWIFT_VERSION = 6.0;
				TARGETED_DEVICE_FAMILY = "1,2";
				TEST_TARGET_NAME = MobileAppPlayground;
			};
			name = Release;
		};
/* End XCBuildConfiguration section */

/* Begin XCConfigurationList section */
		0B18851A2CB71DCE00594E81 /* Build configuration list for PBXProject "MobileAppPlayground" */ = {
			isa = XCConfigurationList;
			buildConfigurations = (
				0B1885412CB71DCF00594E81 /* Debug */,
				0B1885422CB71DCF00594E81 /* Release */,
			);
			defaultConfigurationIsVisible = 0;
			defaultConfigurationName = Release;
		};
		0B1885432CB71DCF00594E81 /* Build configuration list for PBXNativeTarget "MobileAppPlayground" */ = {
			isa = XCConfigurationList;
			buildConfigurations = (
				0B1885442CB71DCF00594E81 /* Debug */,
				0B1885452CB71DCF00594E81 /* Release */,
			);
			defaultConfigurationIsVisible = 0;
			defaultConfigurationName = Release;
		};
		0B1885462CB71DCF00594E81 /* Build configuration list for PBXNativeTarget "MobileAppPlaygroundTests" */ = {
			isa = XCConfigurationList;
			buildConfigurations = (
				0B1885472CB71DCF00594E81 /* Debug */,
				0B1885482CB71DCF00594E81 /* Release */,
			);
			defaultConfigurationIsVisible = 0;
			defaultConfigurationName = Release;
		};
		0B1885492CB71DCF00594E81 /* Build configuration list for PBXNativeTarget "MobileAppPlaygroundUITests" */ = {
			isa = XCConfigurationList;
			buildConfigurations = (
				0B18854A2CB71DCF00594E81 /* Debug */,
				0B18854B2CB71DCF00594E81 /* Release */,
			);
			defaultConfigurationIsVisible = 0;
			defaultConfigurationName = Release;
		};
/* End XCConfigurationList section */

/* Begin XCRemoteSwiftPackageReference section */
		30C6C3382D1C7AED00EB0C0F /* XCRemoteSwiftPackageReference "SwiftLintPlugins" */ = {
			isa = XCRemoteSwiftPackageReference;
			repositoryURL = "https://github.com/SimplyDanny/SwiftLintPlugins";
			requirement = {
				kind = upToNextMajorVersion;
				minimumVersion = 0.57.0;
			};
		};
		30C6C3392D1C7B0200EB0C0F /* XCRemoteSwiftPackageReference "swift-async-algorithms" */ = {
			isa = XCRemoteSwiftPackageReference;
			repositoryURL = "https://github.com/apple/swift-async-algorithms.git";
			requirement = {
				kind = upToNextMajorVersion;
				minimumVersion = 1.0.3;
			};
		};
/* End XCRemoteSwiftPackageReference section */

/* Begin XCSwiftPackageProductDependency section */
		30364D082D1C921600238A36 /* SwiftLintBuildToolPlugin */ = {
			isa = XCSwiftPackageProductDependency;
			package = 30C6C3382D1C7AED00EB0C0F /* XCRemoteSwiftPackageReference "SwiftLintPlugins" */;
			productName = "plugin:SwiftLintBuildToolPlugin";
		};
		30C6C33A2D1C7B0200EB0C0F /* AsyncAlgorithms */ = {
			isa = XCSwiftPackageProductDependency;
			package = 30C6C3392D1C7B0200EB0C0F /* XCRemoteSwiftPackageReference "swift-async-algorithms" */;
			productName = AsyncAlgorithms;
		};
		30F357D72D1DFDF600ADB9F9 /* SwiftLintBuildToolPlugin */ = {
			isa = XCSwiftPackageProductDependency;
			package = 30C6C3382D1C7AED00EB0C0F /* XCRemoteSwiftPackageReference "SwiftLintPlugins" */;
			productName = "plugin:SwiftLintBuildToolPlugin";
		};
		30F357D92D1DFDFA00ADB9F9 /* SwiftLintBuildToolPlugin */ = {
			isa = XCSwiftPackageProductDependency;
			package = 30C6C3382D1C7AED00EB0C0F /* XCRemoteSwiftPackageReference "SwiftLintPlugins" */;
			productName = "plugin:SwiftLintBuildToolPlugin";
		};
/* End XCSwiftPackageProductDependency section */
	};
	rootObject = 0B1885172CB71DCE00594E81 /* Project object */;
}
