// !$*UTF8*$!
{
	archiveVersion = 1;
	classes = {
	};
	objectVersion = 90;
	objects = {

/* Begin PBXBuildFile section */
		0BB45DA32ED89BEC0017D870 /* WidgetKit.framework in Frameworks */ = {isa = PBXBuildFile; fileRef = 0BB45DA22ED89BEC0017D870 /* WidgetKit.framework */; };
		0BB45DA52ED89BEC0017D870 /* SwiftUI.framework in Frameworks */ = {isa = PBXBuildFile; fileRef = 0BB45DA42ED89BEC0017D870 /* SwiftUI.framework */; };
		0BB45DB62ED89BED0017D870 /* PlaygroundWidgetExtension.appex in Embed Foundation Extensions */ = {isa = PBXBuildFile; fileRef = 0BB45DA02ED89BEC0017D870 /* PlaygroundWidgetExtension.appex */; settings = {ATTRIBUTES = (RemoveHeadersOnCopy, ); }; };
		30C6C33B2D1C7B0200EB0C0F /* AsyncAlgorithms in Frameworks */ = {isa = PBXBuildFile; productRef = 30C6C33A2D1C7B0200EB0C0F /* AsyncAlgorithms */; };
/* End PBXBuildFile section */

/* Begin PBXContainerItemProxy section */
		0B1885302CB71DCF00594E81 /* PBXContainerItemProxy */ = {
			isa = PBXContainerItemProxy;
			containerPortal = 0B1885172CB71DCE00594E81 /* Project object */;
			proxyType = 1;
			remoteGlobalIDString = 0B18851E2CB71DCE00594E81;
			remoteInfo = MobileAppPlayground;
		};
		0B18853A2CB71DCF00594E81 /* PBXContainerItemProxy */ = {
			isa = PBXContainerItemProxy;
			containerPortal = 0B1885172CB71DCE00594E81 /* Project object */;
			proxyType = 1;
			remoteGlobalIDString = 0B18851E2CB71DCE00594E81;
			remoteInfo = MobileAppPlayground;
		};
		0BB45DB42ED89BED0017D870 /* PBXContainerItemProxy */ = {
			isa = PBXContainerItemProxy;
			containerPortal = 0B1885172CB71DCE00594E81 /* Project object */;
			proxyType = 1;
			remoteGlobalIDString = 0BB45D9F2ED89BEC0017D870;
			remoteInfo = WidgetExtensionPlaygroundExtension;
		};
/* End PBXContainerItemProxy section */

/* Begin PBXCopyFilesBuildPhase section */
		0BB45DB72ED89BED0017D870 /* Embed Foundation Extensions */ = {
			isa = PBXCopyFilesBuildPhase;
			dstPath = "";
			dstSubfolder = PlugIns;
			files = (
				0BB45DB62ED89BED0017D870 /* PlaygroundWidgetExtension.appex in Embed Foundation Extensions */,
			);
			name = "Embed Foundation Extensions";
		};
/* End PBXCopyFilesBuildPhase section */

/* Begin PBXFileReference section */
		0B18851F2CB71DCE00594E81 /* MobileAppPlayground.app */ = {isa = PBXFileReference; explicitFileType = wrapper.application; includeInIndex = 0; path = MobileAppPlayground.app; sourceTree = BUILT_PRODUCTS_DIR; };
		0B18852F2CB71DCF00594E81 /* MobileAppPlaygroundTests.xctest */ = {isa = PBXFileReference; explicitFileType = wrapper.cfbundle; includeInIndex = 0; path = MobileAppPlaygroundTests.xctest; sourceTree = BUILT_PRODUCTS_DIR; };
		0B1885392CB71DCF00594E81 /* MobileAppPlaygroundUITests.xctest */ = {isa = PBXFileReference; explicitFileType = wrapper.cfbundle; includeInIndex = 0; path = MobileAppPlaygroundUITests.xctest; sourceTree = BUILT_PRODUCTS_DIR; };
		0B1F8A4D2EDF122500054BB3 /* MobileAppPlayground.entitlements */ = {isa = PBXFileReference; lastKnownFileType = text.plist.entitlements; path = MobileAppPlayground.entitlements; sourceTree = "<group>"; };
		0BB45DA02ED89BEC0017D870 /* PlaygroundWidgetExtension.appex */ = {isa = PBXFileReference; explicitFileType = "wrapper.app-extension"; includeInIndex = 0; path = PlaygroundWidgetExtension.appex; sourceTree = BUILT_PRODUCTS_DIR; };
		0BB45DA22ED89BEC0017D870 /* WidgetKit.framework */ = {isa = PBXFileReference; lastKnownFileType = wrapper.framework; name = WidgetKit.framework; path = System/Library/Frameworks/WidgetKit.framework; sourceTree = SDKROOT; };
		0BB45DA42ED89BEC0017D870 /* SwiftUI.framework */ = {isa = PBXFileReference; lastKnownFileType = wrapper.framework; name = SwiftUI.framework; path = System/Library/Frameworks/SwiftUI.framework; sourceTree = SDKROOT; };
/* End PBXFileReference section */

/* Begin PBXFileSystemSynchronizedBuildFileExceptionSet section */
		0BB45DBA2ED89BED0017D870 /* Exceptions for "WidgetSources" folder in "PlaygroundWidgetExtension" target */ = {
			isa = PBXFileSystemSynchronizedBuildFileExceptionSet;
			membershipExceptions = (
				Info.plist,
			);
			target = 0BB45D9F2ED89BEC0017D870 /* PlaygroundWidgetExtension */;
		};
		0BC8ECB72EDDF74500BB206F /* Exceptions for "WidgetSources" folder in "MobileAppPlayground" target */ = {
			isa = PBXFileSystemSynchronizedBuildFileExceptionSet;
			membershipExceptions = (
				Activity/SampleActivityAttributes.swift,
			);
			target = 0B18851E2CB71DCE00594E81 /* MobileAppPlayground */;
		};
/* End PBXFileSystemSynchronizedBuildFileExceptionSet section */

/* Begin PBXFileSystemSynchronizedRootGroup section */
		0B1885212CB71DCE00594E81 /* Sources */ = {
			isa = PBXFileSystemSynchronizedRootGroup;
			path = Sources;
			sourceTree = "<group>";
		};
		0B1885322CB71DCF00594E81 /* Tests */ = {
			isa = PBXFileSystemSynchronizedRootGroup;
			path = Tests;
			sourceTree = "<group>";
		};
		0B18853C2CB71DCF00594E81 /* UITests */ = {
			isa = PBXFileSystemSynchronizedRootGroup;
			path = UITests;
			sourceTree = "<group>";
		};
		0BB45DA62ED89BEC0017D870 /* WidgetSources */ = {
			isa = PBXFileSystemSynchronizedRootGroup;
			exceptions = (
				0BC8ECB72EDDF74500BB206F /* Exceptions for "WidgetSources" folder in "MobileAppPlayground" target */,
				0BB45DBA2ED89BED0017D870 /* Exceptions for "WidgetSources" folder in "PlaygroundWidgetExtension" target */,
			);
			path = WidgetSources;
			sourceTree = "<group>";
		};
/* End PBXFileSystemSynchronizedRootGroup section */

/* Begin PBXFrameworksBuildPhase section */
		0B18851C2CB71DCE00594E81 /* Frameworks */ = {
			isa = PBXFrameworksBuildPhase;
			files = (
				30C6C33B2D1C7B0200EB0C0F /* AsyncAlgorithms in Frameworks */,
			);
		};
		0B18852C2CB71DCF00594E81 /* Frameworks */ = {
			isa = PBXFrameworksBuildPhase;
			files = (
			);
		};
		0B1885362CB71DCF00594E81 /* Frameworks */ = {
			isa = PBXFrameworksBuildPhase;
			files = (
			);
		};
		0BB45D9D2ED89BEC0017D870 /* Frameworks */ = {
			isa = PBXFrameworksBuildPhase;
			files = (
				0BB45DA52ED89BEC0017D870 /* SwiftUI.framework in Frameworks */,
				0BB45DA32ED89BEC0017D870 /* WidgetKit.framework in Frameworks */,
			);
		};
/* End PBXFrameworksBuildPhase section */

/* Begin PBXGroup section */
		0B1885162CB71DCE00594E81 = {
			isa = PBXGroup;
			children = (
				0B1F8A4D2EDF122500054BB3 /* MobileAppPlayground.entitlements */,
				0B1885212CB71DCE00594E81 /* Sources */,
				0B1885322CB71DCF00594E81 /* Tests */,
				0B18853C2CB71DCF00594E81 /* UITests */,
				0BB45DA62ED89BEC0017D870 /* WidgetSources */,
				0BB45DA12ED89BEC0017D870 /* Frameworks */,
				0B1885202CB71DCE00594E81 /* Products */,
			);
			sourceTree = "<group>";
		};
		0B1885202CB71DCE00594E81 /* Products */ = {
			isa = PBXGroup;
			children = (
				0B18851F2CB71DCE00594E81 /* MobileAppPlayground.app */,
				0B18852F2CB71DCF00594E81 /* MobileAppPlaygroundTests.xctest */,
				0B1885392CB71DCF00594E81 /* MobileAppPlaygroundUITests.xctest */,
				0BB45DA02ED89BEC0017D870 /* PlaygroundWidgetExtension.appex */,
			);
			name = Products;
			sourceTree = "<group>";
		};
		0BB45DA12ED89BEC0017D870 /* Frameworks */ = {
			isa = PBXGroup;
			children = (
				0BB45DA22ED89BEC0017D870 /* WidgetKit.framework */,
				0BB45DA42ED89BEC0017D870 /* SwiftUI.framework */,
			);
			name = Frameworks;
			sourceTree = "<group>";
		};
/* End PBXGroup section */

/* Begin PBXNativeTarget section */
		0B18851E2CB71DCE00594E81 /* MobileAppPlayground */ = {
			isa = PBXNativeTarget;
			buildConfigurationList = 0B1885432CB71DCF00594E81 /* Build configuration list for PBXNativeTarget "MobileAppPlayground" */;
			buildPhases = (
				0B18851B2CB71DCE00594E81 /* Sources */,
				0B18851C2CB71DCE00594E81 /* Frameworks */,
				0B18851D2CB71DCE00594E81 /* Resources */,
				0BB45DB72ED89BED0017D870 /* Embed Foundation Extensions */,
			);
			buildRules = (
			);
			dependencies = (
				30364D092D1C921600238A36 /* PBXTargetDependency */,
				0BB45DB52ED89BED0017D870 /* PBXTargetDependency */,
			);
			fileSystemSynchronizedGroups = (
				0B1885212CB71DCE00594E81 /* Sources */,
			);
			name = MobileAppPlayground;
			packageProductDependencies = (
				30C6C33A2D1C7B0200EB0C0F /* AsyncAlgorithms */,
			);
			productName = MobileAppPlayground;
			productReference = 0B18851F2CB71DCE00594E81 /* MobileAppPlayground.app */;
			productType = "com.apple.product-type.application";
		};
		0B18852E2CB71DCF00594E81 /* MobileAppPlaygroundTests */ = {
			isa = PBXNativeTarget;
			buildConfigurationList = 0B1885462CB71DCF00594E81 /* Build configuration list for PBXNativeTarget "MobileAppPlaygroundTests" */;
			buildPhases = (
				0B18852B2CB71DCF00594E81 /* Sources */,
				0B18852C2CB71DCF00594E81 /* Frameworks */,
				0B18852D2CB71DCF00594E81 /* Resources */,
			);
			buildRules = (
			);
			dependencies = (
				30F357DA2D1DFDFA00ADB9F9 /* PBXTargetDependency */,
				0B1885312CB71DCF00594E81 /* PBXTargetDependency */,
			);
			fileSystemSynchronizedGroups = (
				0B1885322CB71DCF00594E81 /* Tests */,
			);
			name = MobileAppPlaygroundTests;
			productName = MobileAppPlaygroundTests;
			productReference = 0B18852F2CB71DCF00594E81 /* MobileAppPlaygroundTests.xctest */;
			productType = "com.apple.product-type.bundle.unit-test";
		};
		0B1885382CB71DCF00594E81 /* MobileAppPlaygroundUITests */ = {
			isa = PBXNativeTarget;
			buildConfigurationList = 0B1885492CB71DCF00594E81 /* Build configuration list for PBXNativeTarget "MobileAppPlaygroundUITests" */;
			buildPhases = (
				0B1885352CB71DCF00594E81 /* Sources */,
				0B1885362CB71DCF00594E81 /* Frameworks */,
				0B1885372CB71DCF00594E81 /* Resources */,
			);
			buildRules = (
			);
			dependencies = (
				30F357D82D1DFDF600ADB9F9 /* PBXTargetDependency */,
				0B18853B2CB71DCF00594E81 /* PBXTargetDependency */,
			);
			fileSystemSynchronizedGroups = (
				0B18853C2CB71DCF00594E81 /* UITests */,
			);
			name = MobileAppPlaygroundUITests;
			productName = MobileAppPlaygroundUITests;
			productReference = 0B1885392CB71DCF00594E81 /* MobileAppPlaygroundUITests.xctest */;
			productType = "com.apple.product-type.bundle.ui-testing";
		};
		0BB45D9F2ED89BEC0017D870 /* PlaygroundWidgetExtension */ = {
			isa = PBXNativeTarget;
			buildConfigurationList = 0BB45DBB2ED89BED0017D870 /* Build configuration list for PBXNativeTarget "PlaygroundWidgetExtension" */;
			buildPhases = (
				0BB45D9C2ED89BEC0017D870 /* Sources */,
				0BB45D9D2ED89BEC0017D870 /* Frameworks */,
				0BB45D9E2ED89BEC0017D870 /* Resources */,
			);
			buildRules = (
			);
			fileSystemSynchronizedGroups = (
				0BB45DA62ED89BEC0017D870 /* WidgetSources */,
			);
			name = PlaygroundWidgetExtension;
			productName = WidgetExtensionPlaygroundExtension;
			productReference = 0BB45DA02ED89BEC0017D870 /* PlaygroundWidgetExtension.appex */;
			productType = "com.apple.product-type.app-extension";
		};
/* End PBXNativeTarget section */

/* Begin PBXProject section */
		0B1885172CB71DCE00594E81 /* Project object */ = {
			isa = PBXProject;
			attributes = {
				BuildIndependentTargetsInParallel = 1;
				LastSwiftUpdateCheck = 2610;
				LastUpgradeCheck = 2600;
				TargetAttributes = {
					0B18851E2CB71DCE00594E81 = {
						CreatedOnToolsVersion = 16.0;
					};
					0B18852E2CB71DCF00594E81 = {
						CreatedOnToolsVersion = 16.0;
						TestTargetID = 0B18851E2CB71DCE00594E81;
					};
					0B1885382CB71DCF00594E81 = {
						CreatedOnToolsVersion = 16.0;
						TestTargetID = 0B18851E2CB71DCE00594E81;
					};
					0BB45D9F2ED89BEC0017D870 = {
						CreatedOnToolsVersion = 26.1.1;
					};
				};
			};
			buildConfigurationList = 0B18851A2CB71DCE00594E81 /* Build configuration list for PBXProject "MobileAppPlayground" */;
			developmentRegion = en;
			hasScannedForEncodings = 0;
			knownRegions = (
				en,
				Base,
			);
			mainGroup = 0B1885162CB71DCE00594E81;
			minimizedProjectReferenceProxies = 1;
			packageReferences = (
				30C6C3382D1C7AED00EB0C0F /* XCRemoteSwiftPackageReference "SwiftLintPlugins" */,
				30C6C3392D1C7B0200EB0C0F /* XCRemoteSwiftPackageReference "swift-async-algorithms" */,
			);
			preferredProjectObjectVersion = 90;
			productRefGroup = 0B1885202CB71DCE00594E81 /* Products */;
			projectDirPath = "";
			projectRoot = "";
			targets = (
				0B18851E2CB71DCE00594E81 /* MobileAppPlayground */,
				0B18852E2CB71DCF00594E81 /* MobileAppPlaygroundTests */,
				0B1885382CB71DCF00594E81 /* MobileAppPlaygroundUITests */,
				0BB45D9F2ED89BEC0017D870 /* PlaygroundWidgetExtension */,
			);
		};
/* End PBXProject section */

/* Begin PBXResourcesBuildPhase section */
		0B18851D2CB71DCE00594E81 /* Resources */ = {
			isa = PBXResourcesBuildPhase;
			files = (
			);
		};
		0B18852D2CB71DCF00594E81 /* Resources */ = {
			isa = PBXResourcesBuildPhase;
			files = (
			);
		};
		0B1885372CB71DCF00594E81 /* Resources */ = {
			isa = PBXResourcesBuildPhase;
			files = (
			);
		};
		0BB45D9E2ED89BEC0017D870 /* Resources */ = {
			isa = PBXResourcesBuildPhase;
			files = (
			);
		};
/* End PBXResourcesBuildPhase section */

/* Begin PBXSourcesBuildPhase section */
		0B18851B2CB71DCE00594E81 /* Sources */ = {
			isa = PBXSourcesBuildPhase;
			files = (
			);
		};
		0B18852B2CB71DCF00594E81 /* Sources */ = {
			isa = PBXSourcesBuildPhase;
			files = (
			);
		};
		0B1885352CB71DCF00594E81 /* Sources */ = {
			isa = PBXSourcesBuildPhase;
			files = (
			);
		};
		0BB45D9C2ED89BEC0017D870 /* Sources */ = {
			isa = PBXSourcesBuildPhase;
			files = (
			);
		};
/* End PBXSourcesBuildPhase section */

/* Begin PBXTargetDependency section */
		0B1885312CB71DCF00594E81 /* PBXTargetDependency */ = {
			isa = PBXTargetDependency;
			target = 0B18851E2CB71DCE00594E81 /* MobileAppPlayground */;
			targetProxy = 0B1885302CB71DCF00594E81 /* PBXContainerItemProxy */;
		};
		0B18853B2CB71DCF00594E81 /* PBXTargetDependency */ = {
			isa = PBXTargetDependency;
			target = 0B18851E2CB71DCE00594E81 /* MobileAppPlayground */;
			targetProxy = 0B18853A2CB71DCF00594E81 /* PBXContainerItemProxy */;
		};
		0BB45DB52ED89BED0017D870 /* PBXTargetDependency */ = {
			isa = PBXTargetDependency;
			target = 0BB45D9F2ED89BEC0017D870 /* PlaygroundWidgetExtension */;
			targetProxy = 0BB45DB42ED89BED0017D870 /* PBXContainerItemProxy */;
		};
		30364D092D1C921600238A36 /* PBXTargetDependency */ = {
			isa = PBXTargetDependency;
			productRef = 30364D082D1C921600238A36 /* SwiftLintBuildToolPlugin */;
		};
		30F357D82D1DFDF600ADB9F9 /* PBXTargetDependency */ = {
			isa = PBXTargetDependency;
			productRef = 30F357D72D1DFDF600ADB9F9 /* SwiftLintBuildToolPlugin */;
		};
		30F357DA2D1DFDFA00ADB9F9 /* PBXTargetDependency */ = {
			isa = PBXTargetDependency;
			productRef = 30F357D92D1DFDFA00ADB9F9 /* SwiftLintBuildToolPlugin */;
		};
/* End PBXTargetDependency section */

/* Begin XCBuildConfiguration section */
		0B1885412CB71DCF00594E81 /* Debug configuration for PBXProject "MobileAppPlayground" */ = {
			isa = XCBuildConfiguration;
			buildSettings = {
				ALWAYS_SEARCH_USER_PATHS = NO;
				ASSETCATALOG_COMPILER_GENERATE_SWIFT_ASSET_SYMBOL_EXTENSIONS = YES;
				CLANG_ANALYZER_NONNULL = YES;
				CLANG_ANALYZER_NUMBER_OBJECT_CONVERSION = YES_AGGRESSIVE;
				CLANG_CXX_LANGUAGE_STANDARD = "gnu++20";
				CLANG_ENABLE_MODULES = YES;
				CLANG_ENABLE_OBJC_ARC = YES;
				CLANG_ENABLE_OBJC_WEAK = YES;
				CLANG_WARN_BLOCK_CAPTURE_AUTORELEASING = YES;
				CLANG_WARN_BOOL_CONVERSION = YES;
				CLANG_WARN_COMMA = YES;
				CLANG_WARN_CONSTANT_CONVERSION = YES;
				CLANG_WARN_DEPRECATED_OBJC_IMPLEMENTATIONS = YES;
				CLANG_WARN_DIRECT_OBJC_ISA_USAGE = YES_ERROR;
				CLANG_WARN_DOCUMENTATION_COMMENTS = YES;
				CLANG_WARN_EMPTY_BODY = YES;
				CLANG_WARN_ENUM_CONVERSION = YES;
				CLANG_WARN_INFINITE_RECURSION = YES;
				CLANG_WARN_INT_CONVERSION = YES;
				CLANG_WARN_NON_LITERAL_NULL_CONVERSION = YES;
				CLANG_WARN_OBJC_IMPLICIT_RETAIN_SELF = YES;
				CLANG_WARN_OBJC_LITERAL_CONVERSION = YES;
				CLANG_WARN_OBJC_ROOT_CLASS = YES_ERROR;
				CLANG_WARN_QUOTED_INCLUDE_IN_FRAMEWORK_HEADER = YES;
				CLANG_WARN_RANGE_LOOP_ANALYSIS = YES;
				CLANG_WARN_STRICT_PROTOTYPES = YES;
				CLANG_WARN_SUSPICIOUS_MOVE = YES;
				CLANG_WARN_UNGUARDED_AVAILABILITY = YES_AGGRESSIVE;
				CLANG_WARN_UNREACHABLE_CODE = YES;
				CLANG_WARN__DUPLICATE_METHOD_MATCH = YES;
				COPY_PHASE_STRIP = NO;
				DEBUG_INFORMATION_FORMAT = dwarf;
				DEVELOPMENT_TEAM = X59SC9WX5X;
				ENABLE_STRICT_OBJC_MSGSEND = YES;
				ENABLE_TESTABILITY = YES;
				ENABLE_USER_SCRIPT_SANDBOXING = YES;
				GCC_C_LANGUAGE_STANDARD = gnu17;
				GCC_DYNAMIC_NO_PIC = NO;
				GCC_NO_COMMON_BLOCKS = YES;
				GCC_OPTIMIZATION_LEVEL = 0;
				GCC_PREPROCESSOR_DEFINITIONS = (
					"DEBUG=1",
					"$(inherited)",
				);
				GCC_WARN_64_TO_32_BIT_CONVERSION = YES;
				GCC_WARN_ABOUT_RETURN_TYPE = YES_ERROR;
				GCC_WARN_UNDECLARED_SELECTOR = YES;
				GCC_WARN_UNINITIALIZED_AUTOS = YES_AGGRESSIVE;
				GCC_WARN_UNUSED_FUNCTION = YES;
				GCC_WARN_UNUSED_VARIABLE = YES;
				IPHONEOS_DEPLOYMENT_TARGET = 18.0;
				LOCALIZATION_PREFERS_STRING_CATALOGS = YES;
				MTL_ENABLE_DEBUG_INFO = INCLUDE_SOURCE;
				MTL_FAST_MATH = YES;
				ONLY_ACTIVE_ARCH = YES;
				SDKROOT = iphoneos;
				STRING_CATALOG_GENERATE_SYMBOLS = YES;
				SWIFT_ACTIVE_COMPILATION_CONDITIONS = "DEBUG $(inherited)";
				SWIFT_APPROACHABLE_CONCURRENCY = YES;
				SWIFT_EMIT_LOC_STRINGS = YES;
				SWIFT_OPTIMIZATION_LEVEL = "-Onone";
				SWIFT_UPCOMING_FEATURE_EXISTENTIAL_ANY = YES;
			};
			name = Debug;
		};
		0B1885422CB71DCF00594E81 /* Release configuration for PBXProject "MobileAppPlayground" */ = {
			isa = XCBuildConfiguration;
			buildSettings = {
				ALWAYS_SEARCH_USER_PATHS = NO;
				ASSETCATALOG_COMPILER_GENERATE_SWIFT_ASSET_SYMBOL_EXTENSIONS = YES;
				CLANG_ANALYZER_NONNULL = YES;
				CLANG_ANALYZER_NUMBER_OBJECT_CONVERSION = YES_AGGRESSIVE;
				CLANG_CXX_LANGUAGE_STANDARD = "gnu++20";
				CLANG_ENABLE_MODULES = YES;
				CLANG_ENABLE_OBJC_ARC = YES;
				CLANG_ENABLE_OBJC_WEAK = YES;
				CLANG_WARN_BLOCK_CAPTURE_AUTORELEASING = YES;
				CLANG_WARN_BOOL_CONVERSION = YES;
				CLANG_WARN_COMMA = YES;
				CLANG_WARN_CONSTANT_CONVERSION = YES;
				CLANG_WARN_DEPRECATED_OBJC_IMPLEMENTATIONS = YES;
				CLANG_WARN_DIRECT_OBJC_ISA_USAGE = YES_ERROR;
				CLANG_WARN_DOCUMENTATION_COMMENTS = YES;
				CLANG_WARN_EMPTY_BODY = YES;
				CLANG_WARN_ENUM_CONVERSION = YES;
				CLANG_WARN_INFINITE_RECURSION = YES;
				CLANG_WARN_INT_CONVERSION = YES;
				CLANG_WARN_NON_LITERAL_NULL_CONVERSION = YES;
				CLANG_WARN_OBJC_IMPLICIT_RETAIN_SELF = YES;
				CLANG_WARN_OBJC_LITERAL_CONVERSION = YES;
				CLANG_WARN_OBJC_ROOT_CLASS = YES_ERROR;
				CLANG_WARN_QUOTED_INCLUDE_IN_FRAMEWORK_HEADER = YES;
				CLANG_WARN_RANGE_LOOP_ANALYSIS = YES;
				CLANG_WARN_STRICT_PROTOTYPES = YES;
				CLANG_WARN_SUSPICIOUS_MOVE = YES;
				CLANG_WARN_UNGUARDED_AVAILABILITY = YES_AGGRESSIVE;
				CLANG_WARN_UNREACHABLE_CODE = YES;
				CLANG_WARN__DUPLICATE_METHOD_MATCH = YES;
				COPY_PHASE_STRIP = NO;
				DEBUG_INFORMATION_FORMAT = "dwarf-with-dsym";
				DEVELOPMENT_TEAM = X59SC9WX5X;
				ENABLE_NS_ASSERTIONS = NO;
				ENABLE_STRICT_OBJC_MSGSEND = YES;
				ENABLE_USER_SCRIPT_SANDBOXING = YES;
				GCC_C_LANGUAGE_STANDARD = gnu17;
				GCC_NO_COMMON_BLOCKS = YES;
				GCC_WARN_64_TO_32_BIT_CONVERSION = YES;
				GCC_WARN_ABOUT_RETURN_TYPE = YES_ERROR;
				GCC_WARN_UNDECLARED_SELECTOR = YES;
				GCC_WARN_UNINITIALIZED_AUTOS = YES_AGGRESSIVE;
				GCC_WARN_UNUSED_FUNCTION = YES;
				GCC_WARN_UNUSED_VARIABLE = YES;
				IPHONEOS_DEPLOYMENT_TARGET = 18.0;
				LOCALIZATION_PREFERS_STRING_CATALOGS = YES;
				MTL_ENABLE_DEBUG_INFO = NO;
				MTL_FAST_MATH = YES;
				SDKROOT = iphoneos;
				STRING_CATALOG_GENERATE_SYMBOLS = YES;
				SWIFT_APPROACHABLE_CONCURRENCY = YES;
				SWIFT_COMPILATION_MODE = wholemodule;
				SWIFT_EMIT_LOC_STRINGS = YES;
				SWIFT_UPCOMING_FEATURE_EXISTENTIAL_ANY = YES;
				VALIDATE_PRODUCT = YES;
			};
			name = Release;
		};
		0B1885442CB71DCF00594E81 /* Debug configuration for PBXNativeTarget "MobileAppPlayground" */ = {
			isa = XCBuildConfiguration;
			buildSettings = {
				ASSETCATALOG_COMPILER_APPICON_NAME = AppIcon;
				ASSETCATALOG_COMPILER_GLOBAL_ACCENT_COLOR_NAME = AccentColor;
				CODE_SIGN_ENTITLEMENTS = MobileAppPlayground.entitlements;
				CODE_SIGN_STYLE = Automatic;
				CURRENT_PROJECT_VERSION = 1;
				DEVELOPMENT_ASSET_PATHS = "\"Sources/Preview Content\"";
				DEVELOPMENT_TEAM = 4942X8FYB7;
				ENABLE_PREVIEWS = YES;
				GENERATE_INFOPLIST_FILE = YES;
				INFOPLIST_KEY_NSSupportsLiveActivities = YES;
				INFOPLIST_KEY_UIApplicationSceneManifest_Generation = YES;
				INFOPLIST_KEY_UIApplicationSupportsIndirectInputEvents = YES;
				INFOPLIST_KEY_UILaunchScreen_Generation = YES;
				INFOPLIST_KEY_UISupportedInterfaceOrientations_iPad = "UIInterfaceOrientationPortrait UIInterfaceOrientationPortraitUpsideDown UIInterfaceOrientationLandscapeLeft UIInterfaceOrientationLandscapeRight";
				INFOPLIST_KEY_UISupportedInterfaceOrientations_iPhone = "UIInterfaceOrientationPortrait UIInterfaceOrientationLandscapeLeft UIInterfaceOrientationLandscapeRight";
				IPHONEOS_DEPLOYMENT_TARGET = 18.0;
				LD_RUNPATH_SEARCH_PATHS = (
					"$(inherited)",
					"@executable_path/Frameworks",
				);
				MARKETING_VERSION = 1.0;
				PRODUCT_BUNDLE_IDENTIFIER = eu.ezytarget.MobileAppPlaygroundWithPush;
				PRODUCT_NAME = "$(TARGET_NAME)";
				SWIFT_EMIT_LOC_STRINGS = YES;
				SWIFT_VERSION = 6.0;
				TARGETED_DEVICE_FAMILY = "1,2";
			};
			name = Debug;
		};
		0B1885452CB71DCF00594E81 /* Release configuration for PBXNativeTarget "MobileAppPlayground" */ = {
			isa = XCBuildConfiguration;
			buildSettings = {
				ASSETCATALOG_COMPILER_APPICON_NAME = AppIcon;
				ASSETCATALOG_COMPILER_GLOBAL_ACCENT_COLOR_NAME = AccentColor;
				CODE_SIGN_ENTITLEMENTS = MobileAppPlayground.entitlements;
				CODE_SIGN_STYLE = Automatic;
				CURRENT_PROJECT_VERSION = 1;
				DEVELOPMENT_ASSET_PATHS = "\"Sources/Preview Content\"";
				DEVELOPMENT_TEAM = 4942X8FYB7;
				ENABLE_PREVIEWS = YES;
				GENERATE_INFOPLIST_FILE = YES;
				INFOPLIST_KEY_NSSupportsLiveActivities = YES;
				INFOPLIST_KEY_UIApplicationSceneManifest_Generation = YES;
				INFOPLIST_KEY_UIApplicationSupportsIndirectInputEvents = YES;
				INFOPLIST_KEY_UILaunchScreen_Generation = YES;
				INFOPLIST_KEY_UISupportedInterfaceOrientations_iPad = "UIInterfaceOrientationPortrait UIInterfaceOrientationPortraitUpsideDown UIInterfaceOrientationLandscapeLeft UIInterfaceOrientationLandscapeRight";
				INFOPLIST_KEY_UISupportedInterfaceOrientations_iPhone = "UIInterfaceOrientationPortrait UIInterfaceOrientationLandscapeLeft UIInterfaceOrientationLandscapeRight";
				IPHONEOS_DEPLOYMENT_TARGET = 18.0;
				LD_RUNPATH_SEARCH_PATHS = (
					"$(inherited)",
					"@executable_path/Frameworks",
				);
				MARKETING_VERSION = 1.0;
				PRODUCT_BUNDLE_IDENTIFIER = eu.ezytarget.MobileAppPlaygroundWithPush;
				PRODUCT_NAME = "$(TARGET_NAME)";
				SWIFT_EMIT_LOC_STRINGS = YES;
				SWIFT_VERSION = 6.0;
				TARGETED_DEVICE_FAMILY = "1,2";
			};
			name = Release;
		};
		0B1885472CB71DCF00594E81 /* Debug configuration for PBXNativeTarget "MobileAppPlaygroundTests" */ = {
			isa = XCBuildConfiguration;
			buildSettings = {
				BUNDLE_LOADER = "$(TEST_HOST)";
				CODE_SIGN_STYLE = Automatic;
				CURRENT_PROJECT_VERSION = 1;
				GENERATE_INFOPLIST_FILE = YES;
				IPHONEOS_DEPLOYMENT_TARGET = 18.0;
				MARKETING_VERSION = 1.0;
				PRODUCT_BUNDLE_IDENTIFIER = eu.ezytarget.MobileAppPlaygroundTests;
				PRODUCT_NAME = "$(TARGET_NAME)";
				SWIFT_EMIT_LOC_STRINGS = NO;
				SWIFT_VERSION = 6.0;
				TARGETED_DEVICE_FAMILY = "1,2";
				TEST_HOST = "$(BUILT_PRODUCTS_DIR)/MobileAppPlayground.app/$(BUNDLE_EXECUTABLE_FOLDER_PATH)/MobileAppPlayground";
			};
			name = Debug;
		};
		0B1885482CB71DCF00594E81 /* Release configuration for PBXNativeTarget "MobileAppPlaygroundTests" */ = {
			isa = XCBuildConfiguration;
			buildSettings = {
				BUNDLE_LOADER = "$(TEST_HOST)";
				CODE_SIGN_STYLE = Automatic;
				CURRENT_PROJECT_VERSION = 1;
				GENERATE_INFOPLIST_FILE = YES;
				IPHONEOS_DEPLOYMENT_TARGET = 18.0;
				MARKETING_VERSION = 1.0;
				PRODUCT_BUNDLE_IDENTIFIER = eu.ezytarget.MobileAppPlaygroundTests;
				PRODUCT_NAME = "$(TARGET_NAME)";
				SWIFT_EMIT_LOC_STRINGS = NO;
				SWIFT_VERSION = 6.0;
				TARGETED_DEVICE_FAMILY = "1,2";
				TEST_HOST = "$(BUILT_PRODUCTS_DIR)/MobileAppPlayground.app/$(BUNDLE_EXECUTABLE_FOLDER_PATH)/MobileAppPlayground";
			};
			name = Release;
		};
		0B18854A2CB71DCF00594E81 /* Debug configuration for PBXNativeTarget "MobileAppPlaygroundUITests" */ = {
			isa = XCBuildConfiguration;
			buildSettings = {
				CODE_SIGN_STYLE = Automatic;
				CURRENT_PROJECT_VERSION = 1;
				GENERATE_INFOPLIST_FILE = YES;
				MARKETING_VERSION = 1.0;
				PRODUCT_BUNDLE_IDENTIFIER = eu.ezytarget.MobileAppPlaygroundUITests;
				PRODUCT_NAME = "$(TARGET_NAME)";
				SWIFT_EMIT_LOC_STRINGS = NO;
				SWIFT_VERSION = 6.0;
				TARGETED_DEVICE_FAMILY = "1,2";
				TEST_TARGET_NAME = MobileAppPlayground;
			};
			name = Debug;
		};
		0B18854B2CB71DCF00594E81 /* Release configuration for PBXNativeTarget "MobileAppPlaygroundUITests" */ = {
			isa = XCBuildConfiguration;
			buildSettings = {
				CODE_SIGN_STYLE = Automatic;
				CURRENT_PROJECT_VERSION = 1;
				GENERATE_INFOPLIST_FILE = YES;
				MARKETING_VERSION = 1.0;
				PRODUCT_BUNDLE_IDENTIFIER = eu.ezytarget.MobileAppPlaygroundUITests;
				PRODUCT_NAME = "$(TARGET_NAME)";
				SWIFT_EMIT_LOC_STRINGS = NO;
				SWIFT_VERSION = 6.0;
				TARGETED_DEVICE_FAMILY = "1,2";
				TEST_TARGET_NAME = MobileAppPlayground;
			};
			name = Release;
		};
		0BB45DB82ED89BED0017D870 /* Debug configuration for PBXNativeTarget "PlaygroundWidgetExtension" */ = {
			isa = XCBuildConfiguration;
			buildSettings = {
				ASSETCATALOG_COMPILER_GLOBAL_ACCENT_COLOR_NAME = AccentColor;
				ASSETCATALOG_COMPILER_WIDGET_BACKGROUND_COLOR_NAME = WidgetBackground;
				CODE_SIGN_STYLE = Automatic;
				CURRENT_PROJECT_VERSION = 1;
				DEVELOPMENT_TEAM = 4942X8FYB7;
				GENERATE_INFOPLIST_FILE = YES;
				INFOPLIST_FILE = WidgetSources/Info.plist;
				INFOPLIST_KEY_CFBundleDisplayName = WidgetExtensionPlayground;
				INFOPLIST_KEY_NSHumanReadableCopyright = "";
				IPHONEOS_DEPLOYMENT_TARGET = 26.1;
				LD_RUNPATH_SEARCH_PATHS = (
					"$(inherited)",
					"@executable_path/Frameworks",
					"@executable_path/../../Frameworks",
				);
				MARKETING_VERSION = 1.0;
				PRODUCT_BUNDLE_IDENTIFIER = eu.ezytarget.MobileAppPlaygroundWithPush.WidgetExtensionPlayground;
				PRODUCT_NAME = "$(TARGET_NAME)";
				SKIP_INSTALL = YES;
				STRING_CATALOG_GENERATE_SYMBOLS = YES;
				SWIFT_APPROACHABLE_CONCURRENCY = YES;
				SWIFT_EMIT_LOC_STRINGS = YES;
				SWIFT_UPCOMING_FEATURE_MEMBER_IMPORT_VISIBILITY = YES;
				SWIFT_VERSION = 5.0;
				TARGETED_DEVICE_FAMILY = "1,2";
			};
			name = Debug;
		};
		0BB45DB92ED89BED0017D870 /* Release configuration for PBXNativeTarget "PlaygroundWidgetExtension" */ = {
			isa = XCBuildConfiguration;
			buildSettings = {
				ASSETCATALOG_COMPILER_GLOBAL_ACCENT_COLOR_NAME = AccentColor;
				ASSETCATALOG_COMPILER_WIDGET_BACKGROUND_COLOR_NAME = WidgetBackground;
				CODE_SIGN_STYLE = Automatic;
				CURRENT_PROJECT_VERSION = 1;
				DEVELOPMENT_TEAM = 4942X8FYB7;
				GENERATE_INFOPLIST_FILE = YES;
				INFOPLIST_FILE = WidgetSources/Info.plist;
				INFOPLIST_KEY_CFBundleDisplayName = WidgetExtensionPlayground;
				INFOPLIST_KEY_NSHumanReadableCopyright = "";
				IPHONEOS_DEPLOYMENT_TARGET = 26.1;
				LD_RUNPATH_SEARCH_PATHS = (
					"$(inherited)",
					"@executable_path/Frameworks",
					"@executable_path/../../Frameworks",
				);
				MARKETING_VERSION = 1.0;
				PRODUCT_BUNDLE_IDENTIFIER = eu.ezytarget.MobileAppPlaygroundWithPush.WidgetExtensionPlayground;
				PRODUCT_NAME = "$(TARGET_NAME)";
				SKIP_INSTALL = YES;
				STRING_CATALOG_GENERATE_SYMBOLS = YES;
				SWIFT_APPROACHABLE_CONCURRENCY = YES;
				SWIFT_EMIT_LOC_STRINGS = YES;
				SWIFT_UPCOMING_FEATURE_MEMBER_IMPORT_VISIBILITY = YES;
				SWIFT_VERSION = 5.0;
				TARGETED_DEVICE_FAMILY = "1,2";
			};
			name = Release;
		};
/* End XCBuildConfiguration section */

/* Begin XCConfigurationList section */
		0B18851A2CB71DCE00594E81 /* Build configuration list for PBXProject "MobileAppPlayground" */ = {
			isa = XCConfigurationList;
			buildConfigurations = (
				0B1885412CB71DCF00594E81 /* Debug configuration for PBXProject "MobileAppPlayground" */,
				0B1885422CB71DCF00594E81 /* Release configuration for PBXProject "MobileAppPlayground" */,
			);
			defaultConfigurationName = Release;
		};
		0B1885432CB71DCF00594E81 /* Build configuration list for PBXNativeTarget "MobileAppPlayground" */ = {
			isa = XCConfigurationList;
			buildConfigurations = (
				0B1885442CB71DCF00594E81 /* Debug configuration for PBXNativeTarget "MobileAppPlayground" */,
				0B1885452CB71DCF00594E81 /* Release configuration for PBXNativeTarget "MobileAppPlayground" */,
			);
			defaultConfigurationName = Release;
		};
		0B1885462CB71DCF00594E81 /* Build configuration list for PBXNativeTarget "MobileAppPlaygroundTests" */ = {
			isa = XCConfigurationList;
			buildConfigurations = (
				0B1885472CB71DCF00594E81 /* Debug configuration for PBXNativeTarget "MobileAppPlaygroundTests" */,
				0B1885482CB71DCF00594E81 /* Release configuration for PBXNativeTarget "MobileAppPlaygroundTests" */,
			);
			defaultConfigurationName = Release;
		};
		0B1885492CB71DCF00594E81 /* Build configuration list for PBXNativeTarget "MobileAppPlaygroundUITests" */ = {
			isa = XCConfigurationList;
			buildConfigurations = (
				0B18854A2CB71DCF00594E81 /* Debug configuration for PBXNativeTarget "MobileAppPlaygroundUITests" */,
				0B18854B2CB71DCF00594E81 /* Release configuration for PBXNativeTarget "MobileAppPlaygroundUITests" */,
			);
			defaultConfigurationName = Release;
		};
		0BB45DBB2ED89BED0017D870 /* Build configuration list for PBXNativeTarget "PlaygroundWidgetExtension" */ = {
			isa = XCConfigurationList;
			buildConfigurations = (
				0BB45DB82ED89BED0017D870 /* Debug configuration for PBXNativeTarget "PlaygroundWidgetExtension" */,
				0BB45DB92ED89BED0017D870 /* Release configuration for PBXNativeTarget "PlaygroundWidgetExtension" */,
			);
			defaultConfigurationName = Release;
		};
/* End XCConfigurationList section */

/* Begin XCRemoteSwiftPackageReference section */
		30C6C3382D1C7AED00EB0C0F /* XCRemoteSwiftPackageReference "SwiftLintPlugins" */ = {
			isa = XCRemoteSwiftPackageReference;
			repositoryURL = "https://github.com/SimplyDanny/SwiftLintPlugins";
			requirement = {
				kind = exactVersion;
				version = 0.62.2;
			};
		};
		30C6C3392D1C7B0200EB0C0F /* XCRemoteSwiftPackageReference "swift-async-algorithms" */ = {
			isa = XCRemoteSwiftPackageReference;
			repositoryURL = "https://github.com/apple/swift-async-algorithms.git";
			requirement = {
				kind = exactVersion;
				version = 1.1.1;
			};
		};
/* End XCRemoteSwiftPackageReference section */

/* Begin XCSwiftPackageProductDependency section */
		30364D082D1C921600238A36 /* SwiftLintBuildToolPlugin */ = {
			isa = XCSwiftPackageProductDependency;
			package = 30C6C3382D1C7AED00EB0C0F /* XCRemoteSwiftPackageReference "SwiftLintPlugins" */;
			productName = "plugin:SwiftLintBuildToolPlugin";
		};
		30C6C33A2D1C7B0200EB0C0F /* AsyncAlgorithms */ = {
			isa = XCSwiftPackageProductDependency;
			package = 30C6C3392D1C7B0200EB0C0F /* XCRemoteSwiftPackageReference "swift-async-algorithms" */;
			productName = AsyncAlgorithms;
		};
		30F357D72D1DFDF600ADB9F9 /* SwiftLintBuildToolPlugin */ = {
			isa = XCSwiftPackageProductDependency;
			package = 30C6C3382D1C7AED00EB0C0F /* XCRemoteSwiftPackageReference "SwiftLintPlugins" */;
			productName = "plugin:SwiftLintBuildToolPlugin";
		};
		30F357D92D1DFDFA00ADB9F9 /* SwiftLintBuildToolPlugin */ = {
			isa = XCSwiftPackageProductDependency;
			package = 30C6C3382D1C7AED00EB0C0F /* XCRemoteSwiftPackageReference "SwiftLintPlugins" */;
			productName = "plugin:SwiftLintBuildToolPlugin";
		};
/* End XCSwiftPackageProductDependency section */
	};
	rootObject = 0B1885172CB71DCE00594E81 /* Project object */;
}
